// !$*UTF8*$!
{
	archiveVersion = 1;
	classes = {
	};
	objectVersion = 46;
	objects = {

/* Begin PBXBuildFile section */
		19EB7A9C1CE82158003C0684 /* AppDelegate.swift in Sources */ = {isa = PBXBuildFile; fileRef = 19EB7A9B1CE82158003C0684 /* AppDelegate.swift */; };
		19EB7A9E1CE82158003C0684 /* ViewController.swift in Sources */ = {isa = PBXBuildFile; fileRef = 19EB7A9D1CE82158003C0684 /* ViewController.swift */; };
		19EB7AA11CE82158003C0684 /* Main.storyboard in Resources */ = {isa = PBXBuildFile; fileRef = 19EB7A9F1CE82158003C0684 /* Main.storyboard */; };
		19EB7AA31CE82158003C0684 /* Assets.xcassets in Resources */ = {isa = PBXBuildFile; fileRef = 19EB7AA21CE82158003C0684 /* Assets.xcassets */; };
		19EB7AA61CE82158003C0684 /* LaunchScreen.storyboard in Resources */ = {isa = PBXBuildFile; fileRef = 19EB7AA41CE82158003C0684 /* LaunchScreen.storyboard */; };
		19EB7AAE1CE8F954003C0684 /* DragImage.swift in Sources */ = {isa = PBXBuildFile; fileRef = 19EB7AAD1CE8F954003C0684 /* DragImage.swift */; };
		19F6D36B1CE96E80009EFA0E /* MonsterImage.swift in Sources */ = {isa = PBXBuildFile; fileRef = 19F6D36A1CE96E80009EFA0E /* MonsterImage.swift */; };
		19F6D3711CEABA52009EFA0E /* bite.wav in Resources */ = {isa = PBXBuildFile; fileRef = 19F6D36C1CEABA52009EFA0E /* bite.wav */; };
		19F6D3721CEABA52009EFA0E /* cave-music.mp3 in Resources */ = {isa = PBXBuildFile; fileRef = 19F6D36D1CEABA52009EFA0E /* cave-music.mp3 */; };
		19F6D3731CEABA52009EFA0E /* death.wav in Resources */ = {isa = PBXBuildFile; fileRef = 19F6D36E1CEABA52009EFA0E /* death.wav */; };
		19F6D3741CEABA52009EFA0E /* heart.wav in Resources */ = {isa = PBXBuildFile; fileRef = 19F6D36F1CEABA52009EFA0E /* heart.wav */; };
		19F6D3751CEABA52009EFA0E /* skull.wav in Resources */ = {isa = PBXBuildFile; fileRef = 19F6D3701CEABA52009EFA0E /* skull.wav */; };
/* End PBXBuildFile section */

/* Begin PBXFileReference section */
		19EB7A981CE82158003C0684 /* mylittlemonster.app */ = {isa = PBXFileReference; explicitFileType = wrapper.application; includeInIndex = 0; path = mylittlemonster.app; sourceTree = BUILT_PRODUCTS_DIR; };
		19EB7A9B1CE82158003C0684 /* AppDelegate.swift */ = {isa = PBXFileReference; lastKnownFileType = sourcecode.swift; path = AppDelegate.swift; sourceTree = "<group>"; };
		19EB7A9D1CE82158003C0684 /* ViewController.swift */ = {isa = PBXFileReference; lastKnownFileType = sourcecode.swift; path = ViewController.swift; sourceTree = "<group>"; };
		19EB7AA01CE82158003C0684 /* Base */ = {isa = PBXFileReference; lastKnownFileType = file.storyboard; name = Base; path = Base.lproj/Main.storyboard; sourceTree = "<group>"; };
		19EB7AA21CE82158003C0684 /* Assets.xcassets */ = {isa = PBXFileReference; lastKnownFileType = folder.assetcatalog; path = Assets.xcassets; sourceTree = "<group>"; };
		19EB7AA51CE82158003C0684 /* Base */ = {isa = PBXFileReference; lastKnownFileType = file.storyboard; name = Base; path = Base.lproj/LaunchScreen.storyboard; sourceTree = "<group>"; };
		19EB7AA71CE82158003C0684 /* Info.plist */ = {isa = PBXFileReference; lastKnownFileType = text.plist.xml; path = Info.plist; sourceTree = "<group>"; };
		19EB7AAD1CE8F954003C0684 /* DragImage.swift */ = {isa = PBXFileReference; fileEncoding = 4; lastKnownFileType = sourcecode.swift; path = DragImage.swift; sourceTree = "<group>"; };
		19F6D36A1CE96E80009EFA0E /* MonsterImage.swift */ = {isa = PBXFileReference; fileEncoding = 4; lastKnownFileType = sourcecode.swift; name = MonsterImage.swift; path = ../MonsterImage.swift; sourceTree = "<group>"; };
		19F6D36C1CEABA52009EFA0E /* bite.wav */ = {isa = PBXFileReference; lastKnownFileType = audio.wav; path = bite.wav; sourceTree = "<group>"; };
		19F6D36D1CEABA52009EFA0E /* cave-music.mp3 */ = {isa = PBXFileReference; lastKnownFileType = audio.mp3; path = "cave-music.mp3"; sourceTree = "<group>"; };
		19F6D36E1CEABA52009EFA0E /* death.wav */ = {isa = PBXFileReference; lastKnownFileType = audio.wav; path = death.wav; sourceTree = "<group>"; };
		19F6D36F1CEABA52009EFA0E /* heart.wav */ = {isa = PBXFileReference; lastKnownFileType = audio.wav; path = heart.wav; sourceTree = "<group>"; };
		19F6D3701CEABA52009EFA0E /* skull.wav */ = {isa = PBXFileReference; lastKnownFileType = audio.wav; path = skull.wav; sourceTree = "<group>"; };
/* End PBXFileReference section */

/* Begin PBXFrameworksBuildPhase section */
		19EB7A951CE82158003C0684 /* Frameworks */ = {
			isa = PBXFrameworksBuildPhase;
			buildActionMask = 2147483647;
			files = (
			);
			runOnlyForDeploymentPostprocessing = 0;
		};
/* End PBXFrameworksBuildPhase section */

/* Begin PBXGroup section */
		19EB7A8F1CE82158003C0684 = {
			isa = PBXGroup;
			children = (
				19EB7A9A1CE82158003C0684 /* mylittlemonster */,
				19EB7A991CE82158003C0684 /* Products */,
			);
			sourceTree = "<group>";
		};
		19EB7A991CE82158003C0684 /* Products */ = {
			isa = PBXGroup;
			children = (
				19EB7A981CE82158003C0684 /* mylittlemonster.app */,
			);
			name = Products;
			sourceTree = "<group>";
		};
		19EB7A9A1CE82158003C0684 /* mylittlemonster */ = {
			isa = PBXGroup;
			children = (
				19F6D36C1CEABA52009EFA0E /* bite.wav */,
				19F6D36D1CEABA52009EFA0E /* cave-music.mp3 */,
				19F6D36E1CEABA52009EFA0E /* death.wav */,
				19F6D36F1CEABA52009EFA0E /* heart.wav */,
				19F6D3701CEABA52009EFA0E /* skull.wav */,
				19EB7A9B1CE82158003C0684 /* AppDelegate.swift */,
				19EB7A9D1CE82158003C0684 /* ViewController.swift */,
				19EB7A9F1CE82158003C0684 /* Main.storyboard */,
				19EB7AA21CE82158003C0684 /* Assets.xcassets */,
				19EB7AA41CE82158003C0684 /* LaunchScreen.storyboard */,
				19EB7AA71CE82158003C0684 /* Info.plist */,
				19EB7AAD1CE8F954003C0684 /* DragImage.swift */,
				19F6D36A1CE96E80009EFA0E /* MonsterImage.swift */,
			);
			path = mylittlemonster;
			sourceTree = "<group>";
		};
/* End PBXGroup section */

/* Begin PBXNativeTarget section */
		19EB7A971CE82158003C0684 /* mylittlemonster */ = {
			isa = PBXNativeTarget;
			buildConfigurationList = 19EB7AAA1CE82158003C0684 /* Build configuration list for PBXNativeTarget "mylittlemonster" */;
			buildPhases = (
				19EB7A941CE82158003C0684 /* Sources */,
				19EB7A951CE82158003C0684 /* Frameworks */,
				19EB7A961CE82158003C0684 /* Resources */,
			);
			buildRules = (
			);
			dependencies = (
			);
			name = mylittlemonster;
			productName = mylittlemonster;
			productReference = 19EB7A981CE82158003C0684 /* mylittlemonster.app */;
			productType = "com.apple.product-type.application";
		};
/* End PBXNativeTarget section */

/* Begin PBXProject section */
		19EB7A901CE82158003C0684 /* Project object */ = {
			isa = PBXProject;
			attributes = {
				LastSwiftUpdateCheck = 0730;
				LastUpgradeCheck = 0730;
				ORGANIZATIONNAME = creaTech;
				TargetAttributes = {
					19EB7A971CE82158003C0684 = {
						CreatedOnToolsVersion = 7.3.1;
						DevelopmentTeam = BDX7JNZ7KD;
					};
				};
			};
			buildConfigurationList = 19EB7A931CE82158003C0684 /* Build configuration list for PBXProject "mylittlemonster" */;
			compatibilityVersion = "Xcode 3.2";
			developmentRegion = English;
			hasScannedForEncodings = 0;
			knownRegions = (
				en,
				Base,
			);
			mainGroup = 19EB7A8F1CE82158003C0684;
			productRefGroup = 19EB7A991CE82158003C0684 /* Products */;
			projectDirPath = "";
			projectRoot = "";
			targets = (
				19EB7A971CE82158003C0684 /* mylittlemonster */,
			);
		};
/* End PBXProject section */

/* Begin PBXResourcesBuildPhase section */
		19EB7A961CE82158003C0684 /* Resources */ = {
			isa = PBXResourcesBuildPhase;
			buildActionMask = 2147483647;
			files = (
				19F6D3751CEABA52009EFA0E /* skull.wav in Resources */,
				19F6D3711CEABA52009EFA0E /* bite.wav in Resources */,
				19F6D3731CEABA52009EFA0E /* death.wav in Resources */,
				19F6D3741CEABA52009EFA0E /* heart.wav in Resources */,
				19F6D3721CEABA52009EFA0E /* cave-music.mp3 in Resources */,
				19EB7AA61CE82158003C0684 /* LaunchScreen.storyboard in Resources */,
				19EB7AA31CE82158003C0684 /* Assets.xcassets in Resources */,
				19EB7AA11CE82158003C0684 /* Main.storyboard in Resources */,
			);
			runOnlyForDeploymentPostprocessing = 0;
		};
/* End PBXResourcesBuildPhase section */

/* Begin PBXSourcesBuildPhase section */
		19EB7A941CE82158003C0684 /* Sources */ = {
			isa = PBXSourcesBuildPhase;
			buildActionMask = 2147483647;
			files = (
				19F6D36B1CE96E80009EFA0E /* MonsterImage.swift in Sources */,
				19EB7A9E1CE82158003C0684 /* ViewController.swift in Sources */,
				19EB7AAE1CE8F954003C0684 /* DragImage.swift in Sources */,
				19EB7A9C1CE82158003C0684 /* AppDelegate.swift in Sources */,
			);
			runOnlyForDeploymentPostprocessing = 0;
		};
/* End PBXSourcesBuildPhase section */

/* Begin PBXVariantGroup section */
		19EB7A9F1CE82158003C0684 /* Main.storyboard */ = {
			isa = PBXVariantGroup;
			children = (
				19EB7AA01CE82158003C0684 /* Base */,
			);
			name = Main.storyboard;
			sourceTree = "<group>";
		};
		19EB7AA41CE82158003C0684 /* LaunchScreen.storyboard */ = {
			isa = PBXVariantGroup;
			children = (
				19EB7AA51CE82158003C0684 /* Base */,
			);
			name = LaunchScreen.storyboard;
			sourceTree = "<group>";
		};
/* End PBXVariantGroup section */

/* Begin XCBuildConfiguration section */
		19EB7AA81CE82158003C0684 /* Debug */ = {
			isa = XCBuildConfiguration;
			buildSettings = {
				ALWAYS_SEARCH_USER_PATHS = NO;
				CLANG_ANALYZER_NONNULL = YES;
				CLANG_CXX_LANGUAGE_STANDARD = "gnu++0x";
				CLANG_CXX_LIBRARY = "libc++";
				CLANG_ENABLE_MODULES = YES;
				CLANG_ENABLE_OBJC_ARC = YES;
				CLANG_WARN_BOOL_CONVERSION = YES;
				CLANG_WARN_CONSTANT_CONVERSION = YES;
				CLANG_WARN_DIRECT_OBJC_ISA_USAGE = YES_ERROR;
				CLANG_WARN_EMPTY_BODY = YES;
				CLANG_WARN_ENUM_CONVERSION = YES;
				CLANG_WARN_INT_CONVERSION = YES;
				CLANG_WARN_OBJC_ROOT_CLASS = YES_ERROR;
				CLANG_WARN_UNREACHABLE_CODE = YES;
				CLANG_WARN__DUPLICATE_METHOD_MATCH = YES;
				"CODE_SIGN_IDENTITY[sdk=iphoneos*]" = "iPhone Developer";
				COPY_PHASE_STRIP = NO;
				DEBUG_INFORMATION_FORMAT = dwarf;
				ENABLE_STRICT_OBJC_MSGSEND = YES;
				ENABLE_TESTABILITY = YES;
				GCC_C_LANGUAGE_STANDARD = gnu99;
				GCC_DYNAMIC_NO_PIC = NO;
				GCC_NO_COMMON_BLOCKS = YES;
				GCC_OPTIMIZATION_LEVEL = 0;
				GCC_PREPROCESSOR_DEFINITIONS = (
					"DEBUG=1",
					"$(inherited)",
				);
				GCC_WARN_64_TO_32_BIT_CONVERSION = YES;
				GCC_WARN_ABOUT_RETURN_TYPE = YES_ERROR;
				GCC_WARN_UNDECLARED_SELECTOR = YES;
				GCC_WARN_UNINITIALIZED_AUTOS = YES_AGGRESSIVE;
				GCC_WARN_UNUSED_FUNCTION = YES;
				GCC_WARN_UNUSED_VARIABLE = YES;
				IPHONEOS_DEPLOYMENT_TARGET = 9.3;
				MTL_ENABLE_DEBUG_INFO = YES;
				ONLY_ACTIVE_ARCH = YES;
				SDKROOT = iphoneos;
				SWIFT_OPTIMIZATION_LEVEL = "-Onone";
				TARGETED_DEVICE_FAMILY = "1,2";
			};
			name = Debug;
		};
		19EB7AA91CE82158003C0684 /* Release */ = {
			isa = XCBuildConfiguration;
			buildSettings = {
				ALWAYS_SEARCH_USER_PATHS = NO;
				CLANG_ANALYZER_NONNULL = YES;
				CLANG_CXX_LANGUAGE_STANDARD = "gnu++0x";
				CLANG_CXX_LIBRARY = "libc++";
				CLANG_ENABLE_MODULES = YES;
				CLANG_ENABLE_OBJC_ARC = YES;
				CLANG_WARN_BOOL_CONVERSION = YES;
				CLANG_WARN_CONSTANT_CONVERSION = YES;
				CLANG_WARN_DIRECT_OBJC_ISA_USAGE = YES_ERROR;
				CLANG_WARN_EMPTY_BODY = YES;
				CLANG_WARN_ENUM_CONVERSION = YES;
				CLANG_WARN_INT_CONVERSION = YES;
				CLANG_WARN_OBJC_ROOT_CLASS = YES_ERROR;
				CLANG_WARN_UNREACHABLE_CODE = YES;
				CLANG_WARN__DUPLICATE_METHOD_MATCH = YES;
				"CODE_SIGN_IDENTITY[sdk=iphoneos*]" = "iPhone Developer";
				COPY_PHASE_STRIP = NO;
				DEBUG_INFORMATION_FORMAT = "dwarf-with-dsym";
				ENABLE_NS_ASSERTIONS = NO;
				ENABLE_STRICT_OBJC_MSGSEND = YES;
				GCC_C_LANGUAGE_STANDARD = gnu99;
				GCC_NO_COMMON_BLOCKS = YES;
				GCC_WARN_64_TO_32_BIT_CONVERSION = YES;
				GCC_WARN_ABOUT_RETURN_TYPE = YES_ERROR;
				GCC_WARN_UNDECLARED_SELECTOR = YES;
				GCC_WARN_UNINITIALIZED_AUTOS = YES_AGGRESSIVE;
				GCC_WARN_UNUSED_FUNCTION = YES;
				GCC_WARN_UNUSED_VARIABLE = YES;
				IPHONEOS_DEPLOYMENT_TARGET = 9.3;
				MTL_ENABLE_DEBUG_INFO = NO;
				SDKROOT = iphoneos;
				TARGETED_DEVICE_FAMILY = "1,2";
				VALIDATE_PRODUCT = YES;
			};
			name = Release;
		};
		19EB7AAB1CE82158003C0684 /* Debug */ = {
			isa = XCBuildConfiguration;
			buildSettings = {
				ASSETCATALOG_COMPILER_APPICON_NAME = AppIcon;
				INFOPLIST_FILE = mylittlemonster/Info.plist;
				LD_RUNPATH_SEARCH_PATHS = "$(inherited) @executable_path/Frameworks";
				PRODUCT_BUNDLE_IDENTIFIER = com.creaTech.mylittlemonster;
				PRODUCT_NAME = "$(TARGET_NAME)";
			};
			name = Debug;
		};
		19EB7AAC1CE82158003C0684 /* Release */ = {
			isa = XCBuildConfiguration;
			buildSettings = {
				ASSETCATALOG_COMPILER_APPICON_NAME = AppIcon;
				INFOPLIST_FILE = mylittlemonster/Info.plist;
				LD_RUNPATH_SEARCH_PATHS = "$(inherited) @executable_path/Frameworks";
				PRODUCT_BUNDLE_IDENTIFIER = com.creaTech.mylittlemonster;
				PRODUCT_NAME = "$(TARGET_NAME)";
			};
			name = Release;
		};
/* End XCBuildConfiguration section */

/* Begin XCConfigurationList section */
		19EB7A931CE82158003C0684 /* Build configuration list for PBXProject "mylittlemonster" */ = {
			isa = XCConfigurationList;
			buildConfigurations = (
				19EB7AA81CE82158003C0684 /* Debug */,
				19EB7AA91CE82158003C0684 /* Release */,
			);
			defaultConfigurationIsVisible = 0;
			defaultConfigurationName = Release;
		};
		19EB7AAA1CE82158003C0684 /* Build configuration list for PBXNativeTarget "mylittlemonster" */ = {
			isa = XCConfigurationList;
			buildConfigurations = (
				19EB7AAB1CE82158003C0684 /* Debug */,
				19EB7AAC1CE82158003C0684 /* Release */,
			);
			defaultConfigurationIsVisible = 0;
			defaultConfigurationName = Release;
		};
/* End XCConfigurationList section */
	};
	rootObject = 19EB7A901CE82158003C0684 /* Project object */;
}
